
Microsoft Visual Studio Solution File, Format Version 12.00
# Visual Studio Version 17
VisualStudioVersion = 17.2.32526.322
MinimumVisualStudioVersion = 10.0.40219.1
Project("{FAE04EC0-301F-11D3-BF4B-00C04F79EFBC}") = "FarmerCentralAPI", "FarmerCentralAPI\FarmerCentralAPI.csproj", "{66029FA9-53EE-48EB-9259-E47A163851B4}"
EndProject
Project("{FAE04EC0-301F-11D3-BF4B-00C04F79EFBC}") = "FarmCentralWebApp", "FarmCentralWebApp\FarmCentralWebApp.csproj", "{033B5F09-0005-4BF2-981E-EEF324F99727}"
EndProject
Global
	GlobalSection(SolutionConfigurationPlatforms) = preSolution
		Debug|Any CPU = Debug|Any CPU
		Release|Any CPU = Release|Any CPU
	EndGlobalSection
	GlobalSection(ProjectConfigurationPlatforms) = postSolution
		{66029FA9-53EE-48EB-9259-E47A163851B4}.Debug|Any CPU.ActiveCfg = Debug|Any CPU
		{66029FA9-53EE-48EB-9259-E47A163851B4}.Debug|Any CPU.Build.0 = Debug|Any CPU
		{66029FA9-53EE-48EB-9259-E47A163851B4}.Release|Any CPU.ActiveCfg = Release|Any CPU
		{66029FA9-53EE-48EB-9259-E47A163851B4}.Release|Any CPU.Build.0 = Release|Any CPU
		{033B5F09-0005-4BF2-981E-EEF324F99727}.Debug|Any CPU.ActiveCfg = Debug|Any CPU
		{033B5F09-0005-4BF2-981E-EEF324F99727}.Debug|Any CPU.Build.0 = Debug|Any CPU
		{033B5F09-0005-4BF2-981E-EEF324F99727}.Release|Any CPU.ActiveCfg = Release|Any CPU
		{033B5F09-0005-4BF2-981E-EEF324F99727}.Release|Any CPU.Build.0 = Release|Any CPU
	EndGlobalSection
	GlobalSection(SolutionProperties) = preSolution
		HideSolutionNode = FALSE
	EndGlobalSection
	GlobalSection(ExtensibilityGlobals) = postSolution
		SolutionGuid = {D079D4BE-DEF7-4C49-B89B-6EEFCDD7D6D8}
	EndGlobalSection
EndGlobal
